// !$*UTF8*$!
{
	archiveVersion = 1;
	classes = {
	};
	objectVersion = 46;
	objects = {

/* Begin PBXBuildFile section */
		1512E4EA1F45E5C4009401EE /* TestNet.m in Sources */ = {isa = PBXBuildFile; fileRef = 1512E4E91F45E5C4009401EE /* TestNet.m */; };
		152F82091F4738840043343C /* QFFileHelper.m in Sources */ = {isa = PBXBuildFile; fileRef = 152F82081F4738840043343C /* QFFileHelper.m */; };
		159984471F467038003EDFAE /* Task.m in Sources */ = {isa = PBXBuildFile; fileRef = 159984461F467038003EDFAE /* Task.m */; };
		159984541F46DC32003EDFAE /* QFWriteFile.m in Sources */ = {isa = PBXBuildFile; fileRef = 159984531F46DC32003EDFAE /* QFWriteFile.m */; };
		159984571F46DC8B003EDFAE /* NSStringUtil.m in Sources */ = {isa = PBXBuildFile; fileRef = 159984561F46DC8B003EDFAE /* NSStringUtil.m */; };
		15CB1B7A1F441A0100AEC086 /* main.m in Sources */ = {isa = PBXBuildFile; fileRef = 15CB1B791F441A0100AEC086 /* main.m */; };
		15CB1B911F441A6800AEC086 /* QFReadFile.m in Sources */ = {isa = PBXBuildFile; fileRef = 15CB1B901F441A6800AEC086 /* QFReadFile.m */; };
		15CB1BCA1F442A9D00AEC086 /* NSArray+Extension.m in Sources */ = {isa = PBXBuildFile; fileRef = 15CB1BC71F442A9D00AEC086 /* NSArray+Extension.m */; };
		15CB1BCB1F442A9D00AEC086 /* NSDictionary+Extension.m in Sources */ = {isa = PBXBuildFile; fileRef = 15CB1BC91F442A9D00AEC086 /* NSDictionary+Extension.m */; };
		15E13DAA1F56416000B5F825 /* QFImageTool.m in Sources */ = {isa = PBXBuildFile; fileRef = 15E13DA91F56416000B5F825 /* QFImageTool.m */; };
		15E13DAD1F56423500B5F825 /* QFScanPrivateMethod.m in Sources */ = {isa = PBXBuildFile; fileRef = 15E13DAC1F56423500B5F825 /* QFScanPrivateMethod.m */; };
/* End PBXBuildFile section */

/* Begin PBXFileReference section */
		1512E4E81F45E5C4009401EE /* TestNet.h */ = {isa = PBXFileReference; fileEncoding = 4; lastKnownFileType = sourcecode.c.h; path = TestNet.h; sourceTree = "<group>"; };
		1512E4E91F45E5C4009401EE /* TestNet.m */ = {isa = PBXFileReference; fileEncoding = 4; lastKnownFileType = sourcecode.c.objc; path = TestNet.m; sourceTree = "<group>"; };
		152F82071F4738840043343C /* QFFileHelper.h */ = {isa = PBXFileReference; fileEncoding = 4; lastKnownFileType = sourcecode.c.h; path = QFFileHelper.h; sourceTree = "<group>"; };
		152F82081F4738840043343C /* QFFileHelper.m */ = {isa = PBXFileReference; fileEncoding = 4; lastKnownFileType = sourcecode.c.objc; path = QFFileHelper.m; sourceTree = "<group>"; };
		159984451F467038003EDFAE /* Task.h */ = {isa = PBXFileReference; fileEncoding = 4; lastKnownFileType = sourcecode.c.h; path = Task.h; sourceTree = "<group>"; };
		159984461F467038003EDFAE /* Task.m */ = {isa = PBXFileReference; fileEncoding = 4; lastKnownFileType = sourcecode.c.objc; path = Task.m; sourceTree = "<group>"; };
		159984521F46DC32003EDFAE /* QFWriteFile.h */ = {isa = PBXFileReference; fileEncoding = 4; lastKnownFileType = sourcecode.c.h; path = QFWriteFile.h; sourceTree = "<group>"; };
		159984531F46DC32003EDFAE /* QFWriteFile.m */ = {isa = PBXFileReference; fileEncoding = 4; lastKnownFileType = sourcecode.c.objc; path = QFWriteFile.m; sourceTree = "<group>"; };
		159984551F46DC8B003EDFAE /* NSStringUtil.h */ = {isa = PBXFileReference; fileEncoding = 4; lastKnownFileType = sourcecode.c.h; path = NSStringUtil.h; sourceTree = "<group>"; };
		159984561F46DC8B003EDFAE /* NSStringUtil.m */ = {isa = PBXFileReference; fileEncoding = 4; lastKnownFileType = sourcecode.c.objc; path = NSStringUtil.m; sourceTree = "<group>"; };
		15CB1B751F441A0100AEC086 /* QFReadFile.app */ = {isa = PBXFileReference; explicitFileType = wrapper.application; includeInIndex = 0; path = QFReadFile.app; sourceTree = BUILT_PRODUCTS_DIR; };
		15CB1B791F441A0100AEC086 /* main.m */ = {isa = PBXFileReference; lastKnownFileType = sourcecode.c.objc; path = main.m; sourceTree = "<group>"; };
		15CB1B891F441A0100AEC086 /* Info.plist */ = {isa = PBXFileReference; lastKnownFileType = text.plist.xml; path = Info.plist; sourceTree = "<group>"; };
		15CB1B8F1F441A6800AEC086 /* QFReadFile.h */ = {isa = PBXFileReference; fileEncoding = 4; lastKnownFileType = sourcecode.c.h; path = QFReadFile.h; sourceTree = "<group>"; };
		15CB1B901F441A6800AEC086 /* QFReadFile.m */ = {isa = PBXFileReference; fileEncoding = 4; lastKnownFileType = sourcecode.c.objc; path = QFReadFile.m; sourceTree = "<group>"; };
		15CB1BC61F442A9D00AEC086 /* NSArray+Extension.h */ = {isa = PBXFileReference; fileEncoding = 4; lastKnownFileType = sourcecode.c.h; path = "NSArray+Extension.h"; sourceTree = "<group>"; };
		15CB1BC71F442A9D00AEC086 /* NSArray+Extension.m */ = {isa = PBXFileReference; fileEncoding = 4; lastKnownFileType = sourcecode.c.objc; path = "NSArray+Extension.m"; sourceTree = "<group>"; };
		15CB1BC81F442A9D00AEC086 /* NSDictionary+Extension.h */ = {isa = PBXFileReference; fileEncoding = 4; lastKnownFileType = sourcecode.c.h; path = "NSDictionary+Extension.h"; sourceTree = "<group>"; };
		15CB1BC91F442A9D00AEC086 /* NSDictionary+Extension.m */ = {isa = PBXFileReference; fileEncoding = 4; lastKnownFileType = sourcecode.c.objc; path = "NSDictionary+Extension.m"; sourceTree = "<group>"; };
		15E13DA81F56416000B5F825 /* QFImageTool.h */ = {isa = PBXFileReference; fileEncoding = 4; lastKnownFileType = sourcecode.c.h; path = QFImageTool.h; sourceTree = "<group>"; };
		15E13DA91F56416000B5F825 /* QFImageTool.m */ = {isa = PBXFileReference; fileEncoding = 4; lastKnownFileType = sourcecode.c.objc; path = QFImageTool.m; sourceTree = "<group>"; };
		15E13DAB1F56423500B5F825 /* QFScanPrivateMethod.h */ = {isa = PBXFileReference; fileEncoding = 4; lastKnownFileType = sourcecode.c.h; path = QFScanPrivateMethod.h; sourceTree = "<group>"; };
		15E13DAC1F56423500B5F825 /* QFScanPrivateMethod.m */ = {isa = PBXFileReference; fileEncoding = 4; lastKnownFileType = sourcecode.c.objc; path = QFScanPrivateMethod.m; sourceTree = "<group>"; };
/* End PBXFileReference section */

/* Begin PBXFrameworksBuildPhase section */
		15CB1B721F441A0100AEC086 /* Frameworks */ = {
			isa = PBXFrameworksBuildPhase;
			buildActionMask = 2147483647;
			files = (
			);
			runOnlyForDeploymentPostprocessing = 0;
		};
/* End PBXFrameworksBuildPhase section */

/* Begin PBXGroup section */
		15CB1B6C1F441A0100AEC086 = {
			isa = PBXGroup;
			children = (
				15CB1B771F441A0100AEC086 /* QFReadFile */,
				15CB1B761F441A0100AEC086 /* Products */,
			);
			sourceTree = "<group>";
		};
		15CB1B761F441A0100AEC086 /* Products */ = {
			isa = PBXGroup;
			children = (
				15CB1B751F441A0100AEC086 /* QFReadFile.app */,
			);
			name = Products;
			sourceTree = "<group>";
		};
		15CB1B771F441A0100AEC086 /* QFReadFile */ = {
			isa = PBXGroup;
			children = (
				15CB1BC51F442A9D00AEC086 /* Extension */,
				15CB1B8F1F441A6800AEC086 /* QFReadFile.h */,
				15CB1B901F441A6800AEC086 /* QFReadFile.m */,
				159984521F46DC32003EDFAE /* QFWriteFile.h */,
				159984531F46DC32003EDFAE /* QFWriteFile.m */,
				152F82071F4738840043343C /* QFFileHelper.h */,
				152F82081F4738840043343C /* QFFileHelper.m */,
				1512E4E81F45E5C4009401EE /* TestNet.h */,
				1512E4E91F45E5C4009401EE /* TestNet.m */,
				159984451F467038003EDFAE /* Task.h */,
				159984461F467038003EDFAE /* Task.m */,
				15E13DA81F56416000B5F825 /* QFImageTool.h */,
				15E13DA91F56416000B5F825 /* QFImageTool.m */,
				15E13DAB1F56423500B5F825 /* QFScanPrivateMethod.h */,
				15E13DAC1F56423500B5F825 /* QFScanPrivateMethod.m */,
				15CB1B891F441A0100AEC086 /* Info.plist */,
				15CB1B781F441A0100AEC086 /* Supporting Files */,
			);
			path = QFReadFile;
			sourceTree = "<group>";
		};
		15CB1B781F441A0100AEC086 /* Supporting Files */ = {
			isa = PBXGroup;
			children = (
				15CB1B791F441A0100AEC086 /* main.m */,
			);
			name = "Supporting Files";
			sourceTree = "<group>";
		};
		15CB1BC51F442A9D00AEC086 /* Extension */ = {
			isa = PBXGroup;
			children = (
				159984551F46DC8B003EDFAE /* NSStringUtil.h */,
				159984561F46DC8B003EDFAE /* NSStringUtil.m */,
				15CB1BC61F442A9D00AEC086 /* NSArray+Extension.h */,
				15CB1BC71F442A9D00AEC086 /* NSArray+Extension.m */,
				15CB1BC81F442A9D00AEC086 /* NSDictionary+Extension.h */,
				15CB1BC91F442A9D00AEC086 /* NSDictionary+Extension.m */,
			);
			path = Extension;
			sourceTree = "<group>";
		};
/* End PBXGroup section */

/* Begin PBXNativeTarget section */
		15CB1B741F441A0100AEC086 /* QFReadFile */ = {
			isa = PBXNativeTarget;
			buildConfigurationList = 15CB1B8C1F441A0100AEC086 /* Build configuration list for PBXNativeTarget "QFReadFile" */;
			buildPhases = (
				15CB1B711F441A0100AEC086 /* Sources */,
				15CB1B721F441A0100AEC086 /* Frameworks */,
				15CB1B731F441A0100AEC086 /* Resources */,
			);
			buildRules = (
			);
			dependencies = (
			);
			name = QFReadFile;
			productName = QFReadFile;
			productReference = 15CB1B751F441A0100AEC086 /* QFReadFile.app */;
			productType = "com.apple.product-type.application";
		};
/* End PBXNativeTarget section */

/* Begin PBXProject section */
		15CB1B6D1F441A0100AEC086 /* Project object */ = {
			isa = PBXProject;
			attributes = {
				LastUpgradeCheck = 0830;
				ORGANIZATIONNAME = dqfStudio;
				TargetAttributes = {
					15CB1B741F441A0100AEC086 = {
						CreatedOnToolsVersion = 8.3.3;
						DevelopmentTeam = Q65W64YB94;
						ProvisioningStyle = Automatic;
					};
				};
			};
			buildConfigurationList = 15CB1B701F441A0100AEC086 /* Build configuration list for PBXProject "QFReadFile" */;
			compatibilityVersion = "Xcode 3.2";
			developmentRegion = English;
			hasScannedForEncodings = 0;
			knownRegions = (
				en,
				Base,
			);
			mainGroup = 15CB1B6C1F441A0100AEC086;
			productRefGroup = 15CB1B761F441A0100AEC086 /* Products */;
			projectDirPath = "";
			projectRoot = "";
			targets = (
				15CB1B741F441A0100AEC086 /* QFReadFile */,
			);
		};
/* End PBXProject section */

/* Begin PBXResourcesBuildPhase section */
		15CB1B731F441A0100AEC086 /* Resources */ = {
			isa = PBXResourcesBuildPhase;
			buildActionMask = 2147483647;
			files = (
			);
			runOnlyForDeploymentPostprocessing = 0;
		};
/* End PBXResourcesBuildPhase section */

/* Begin PBXSourcesBuildPhase section */
		15CB1B711F441A0100AEC086 /* Sources */ = {
			isa = PBXSourcesBuildPhase;
			buildActionMask = 2147483647;
			files = (
				15E13DAA1F56416000B5F825 /* QFImageTool.m in Sources */,
				15CB1BCA1F442A9D00AEC086 /* NSArray+Extension.m in Sources */,
				15CB1BCB1F442A9D00AEC086 /* NSDictionary+Extension.m in Sources */,
				15CB1B911F441A6800AEC086 /* QFReadFile.m in Sources */,
				15CB1B7A1F441A0100AEC086 /* main.m in Sources */,
				152F82091F4738840043343C /* QFFileHelper.m in Sources */,
				159984471F467038003EDFAE /* Task.m in Sources */,
				159984541F46DC32003EDFAE /* QFWriteFile.m in Sources */,
				15E13DAD1F56423500B5F825 /* QFScanPrivateMethod.m in Sources */,
				1512E4EA1F45E5C4009401EE /* TestNet.m in Sources */,
				159984571F46DC8B003EDFAE /* NSStringUtil.m in Sources */,
			);
			runOnlyForDeploymentPostprocessing = 0;
		};
/* End PBXSourcesBuildPhase section */

/* Begin XCBuildConfiguration section */
		15CB1B8A1F441A0100AEC086 /* Debug */ = {
			isa = XCBuildConfiguration;
			buildSettings = {
				ALWAYS_SEARCH_USER_PATHS = NO;
				CLANG_ANALYZER_NONNULL = YES;
				CLANG_ANALYZER_NUMBER_OBJECT_CONVERSION = YES_AGGRESSIVE;
				CLANG_CXX_LANGUAGE_STANDARD = "gnu++0x";
				CLANG_CXX_LIBRARY = "libc++";
				CLANG_ENABLE_MODULES = YES;
				CLANG_ENABLE_OBJC_ARC = YES;
				CLANG_WARN_BOOL_CONVERSION = YES;
				CLANG_WARN_CONSTANT_CONVERSION = YES;
				CLANG_WARN_DIRECT_OBJC_ISA_USAGE = YES_ERROR;
				CLANG_WARN_DOCUMENTATION_COMMENTS = YES;
				CLANG_WARN_EMPTY_BODY = YES;
				CLANG_WARN_ENUM_CONVERSION = YES;
				CLANG_WARN_INFINITE_RECURSION = YES;
				CLANG_WARN_INT_CONVERSION = YES;
				CLANG_WARN_OBJC_ROOT_CLASS = YES_ERROR;
				CLANG_WARN_SUSPICIOUS_MOVE = YES;
				CLANG_WARN_UNREACHABLE_CODE = YES;
				CLANG_WARN__DUPLICATE_METHOD_MATCH = YES;
				"CODE_SIGN_IDENTITY[sdk=iphoneos*]" = "iPhone Developer";
				COPY_PHASE_STRIP = NO;
				DEBUG_INFORMATION_FORMAT = dwarf;
				ENABLE_STRICT_OBJC_MSGSEND = YES;
				ENABLE_TESTABILITY = YES;
				GCC_C_LANGUAGE_STANDARD = gnu99;
				GCC_DYNAMIC_NO_PIC = NO;
				GCC_NO_COMMON_BLOCKS = YES;
				GCC_OPTIMIZATION_LEVEL = 0;
				GCC_PREPROCESSOR_DEFINITIONS = (
					"DEBUG=1",
					"$(inherited)",
				);
				GCC_WARN_64_TO_32_BIT_CONVERSION = YES;
				GCC_WARN_ABOUT_RETURN_TYPE = YES_ERROR;
				GCC_WARN_UNDECLARED_SELECTOR = YES;
				GCC_WARN_UNINITIALIZED_AUTOS = YES_AGGRESSIVE;
				GCC_WARN_UNUSED_FUNCTION = YES;
				GCC_WARN_UNUSED_VARIABLE = YES;
				IPHONEOS_DEPLOYMENT_TARGET = 10.3;
				MTL_ENABLE_DEBUG_INFO = YES;
				ONLY_ACTIVE_ARCH = YES;
				SDKROOT = iphoneos;
			};
			name = Debug;
		};
		15CB1B8B1F441A0100AEC086 /* Release */ = {
			isa = XCBuildConfiguration;
			buildSettings = {
				ALWAYS_SEARCH_USER_PATHS = NO;
				CLANG_ANALYZER_NONNULL = YES;
				CLANG_ANALYZER_NUMBER_OBJECT_CONVERSION = YES_AGGRESSIVE;
				CLANG_CXX_LANGUAGE_STANDARD = "gnu++0x";
				CLANG_CXX_LIBRARY = "libc++";
				CLANG_ENABLE_MODULES = YES;
				CLANG_ENABLE_OBJC_ARC = YES;
				CLANG_WARN_BOOL_CONVERSION = YES;
				CLANG_WARN_CONSTANT_CONVERSION = YES;
				CLANG_WARN_DIRECT_OBJC_ISA_USAGE = YES_ERROR;
				CLANG_WARN_DOCUMENTATION_COMMENTS = YES;
				CLANG_WARN_EMPTY_BODY = YES;
				CLANG_WARN_ENUM_CONVERSION = YES;
				CLANG_WARN_INFINITE_RECURSION = YES;
				CLANG_WARN_INT_CONVERSION = YES;
				CLANG_WARN_OBJC_ROOT_CLASS = YES_ERROR;
				CLANG_WARN_SUSPICIOUS_MOVE = YES;
				CLANG_WARN_UNREACHABLE_CODE = YES;
				CLANG_WARN__DUPLICATE_METHOD_MATCH = YES;
				"CODE_SIGN_IDENTITY[sdk=iphoneos*]" = "iPhone Developer";
				COPY_PHASE_STRIP = NO;
				DEBUG_INFORMATION_FORMAT = "dwarf-with-dsym";
				ENABLE_NS_ASSERTIONS = NO;
				ENABLE_STRICT_OBJC_MSGSEND = YES;
				GCC_C_LANGUAGE_STANDARD = gnu99;
				GCC_NO_COMMON_BLOCKS = YES;
				GCC_WARN_64_TO_32_BIT_CONVERSION = YES;
				GCC_WARN_ABOUT_RETURN_TYPE = YES_ERROR;
				GCC_WARN_UNDECLARED_SELECTOR = YES;
				GCC_WARN_UNINITIALIZED_AUTOS = YES_AGGRESSIVE;
				GCC_WARN_UNUSED_FUNCTION = YES;
				GCC_WARN_UNUSED_VARIABLE = YES;
				IPHONEOS_DEPLOYMENT_TARGET = 10.3;
				MTL_ENABLE_DEBUG_INFO = NO;
				SDKROOT = iphoneos;
				VALIDATE_PRODUCT = YES;
			};
			name = Release;
		};
		15CB1B8D1F441A0100AEC086 /* Debug */ = {
			isa = XCBuildConfiguration;
			buildSettings = {
				ASSETCATALOG_COMPILER_APPICON_NAME = AppIcon;
				DEVELOPMENT_TEAM = Q65W64YB94;
				INFOPLIST_FILE = QFReadFile/Info.plist;
				LD_RUNPATH_SEARCH_PATHS = "$(inherited) @executable_path/Frameworks";
				PRODUCT_BUNDLE_IDENTIFIER = com.dqfStudio.QFReadFile;
				PRODUCT_NAME = "$(TARGET_NAME)";
			};
			name = Debug;
		};
		15CB1B8E1F441A0100AEC086 /* Release */ = {
			isa = XCBuildConfiguration;
			buildSettings = {
				ASSETCATALOG_COMPILER_APPICON_NAME = AppIcon;
				DEVELOPMENT_TEAM = Q65W64YB94;
				INFOPLIST_FILE = QFReadFile/Info.plist;
				LD_RUNPATH_SEARCH_PATHS = "$(inherited) @executable_path/Frameworks";
				PRODUCT_BUNDLE_IDENTIFIER = com.dqfStudio.QFReadFile;
				PRODUCT_NAME = "$(TARGET_NAME)";
			};
			name = Release;
		};
/* End XCBuildConfiguration section */

/* Begin XCConfigurationList section */
		15CB1B701F441A0100AEC086 /* Build configuration list for PBXProject "QFReadFile" */ = {
			isa = XCConfigurationList;
			buildConfigurations = (
				15CB1B8A1F441A0100AEC086 /* Debug */,
				15CB1B8B1F441A0100AEC086 /* Release */,
			);
			defaultConfigurationIsVisible = 0;
			defaultConfigurationName = Release;
		};
		15CB1B8C1F441A0100AEC086 /* Build configuration list for PBXNativeTarget "QFReadFile" */ = {
			isa = XCConfigurationList;
			buildConfigurations = (
				15CB1B8D1F441A0100AEC086 /* Debug */,
				15CB1B8E1F441A0100AEC086 /* Release */,
			);
			defaultConfigurationIsVisible = 0;
			defaultConfigurationName = Release;
		};
/* End XCConfigurationList section */
	};
	rootObject = 15CB1B6D1F441A0100AEC086 /* Project object */;
}
